
Microsoft Visual Studio Solution File, Format Version 12.00
# Visual Studio Version 16
VisualStudioVersion = 16.0.31702.278
MinimumVisualStudioVersion = 10.0.40219.1
Project("{8BC9CEB8-8B4A-11D0-8D11-00A0C91BC942}") = "NumericLab1", "NumericLab1\NumericLab1.vcxproj", "{61C5400B-9F04-410D-8665-D986E3F96940}"
EndProject
Global
	GlobalSection(SolutionConfigurationPlatforms) = preSolution
		Debug|x64 = Debug|x64
		Debug|x86 = Debug|x86
		Release|x64 = Release|x64
		Release|x86 = Release|x86
	EndGlobalSection
	GlobalSection(ProjectConfigurationPlatforms) = postSolution
		{61C5400B-9F04-410D-8665-D986E3F96940}.Debug|x64.ActiveCfg = Debug|x64
		{61C5400B-9F04-410D-8665-D986E3F96940}.Debug|x64.Build.0 = Debug|x64
		{61C5400B-9F04-410D-8665-D986E3F96940}.Debug|x86.ActiveCfg = Debug|Win32
		{61C5400B-9F04-410D-8665-D986E3F96940}.Debug|x86.Build.0 = Debug|Win32
		{61C5400B-9F04-410D-8665-D986E3F96940}.Release|x64.ActiveCfg = Release|x64
		{61C5400B-9F04-410D-8665-D986E3F96940}.Release|x64.Build.0 = Release|x64
		{61C5400B-9F04-410D-8665-D986E3F96940}.Release|x86.ActiveCfg = Release|Win32
		{61C5400B-9F04-410D-8665-D986E3F96940}.Release|x86.Build.0 = Release|Win32
	EndGlobalSection
	GlobalSection(SolutionProperties) = preSolution
		HideSolutionNode = FALSE
	EndGlobalSection
	GlobalSection(ExtensibilityGlobals) = postSolution
		SolutionGuid = {68DB9DA7-59D5-475E-BF09-D35CB64F3FE4}
	EndGlobalSection
EndGlobal
